// !$*UTF8*$!
{
	archiveVersion = 1;
	classes = {
	};
	objectVersion = 50;
	objects = {

/* Begin PBXBuildFile section */
		B1B48CFD25CC1D7D00E7AD17 /* AppDelegate.swift in Sources */ = {isa = PBXBuildFile; fileRef = B1B48CFC25CC1D7D00E7AD17 /* AppDelegate.swift */; };
		B1B48CFF25CC1D7D00E7AD17 /* SceneDelegate.swift in Sources */ = {isa = PBXBuildFile; fileRef = B1B48CFE25CC1D7D00E7AD17 /* SceneDelegate.swift */; };
		B1B48D0125CC1D7D00E7AD17 /* ViewController.swift in Sources */ = {isa = PBXBuildFile; fileRef = B1B48D0025CC1D7D00E7AD17 /* ViewController.swift */; };
		B1B48D0425CC1D7D00E7AD17 /* Main.storyboard in Resources */ = {isa = PBXBuildFile; fileRef = B1B48D0225CC1D7D00E7AD17 /* Main.storyboard */; };
		B1B48D0625CC1D7F00E7AD17 /* Assets.xcassets in Resources */ = {isa = PBXBuildFile; fileRef = B1B48D0525CC1D7F00E7AD17 /* Assets.xcassets */; };
		B1B48D0925CC1D7F00E7AD17 /* LaunchScreen.storyboard in Resources */ = {isa = PBXBuildFile; fileRef = B1B48D0725CC1D7F00E7AD17 /* LaunchScreen.storyboard */; };
		B1B48D1425CC1D8000E7AD17 /* tableviewDisplayJSONDataIntoTableVIewTests.swift in Sources */ = {isa = PBXBuildFile; fileRef = B1B48D1325CC1D8000E7AD17 /* tableviewDisplayJSONDataIntoTableVIewTests.swift */; };
		B1B48D1F25CC1D8000E7AD17 /* tableviewDisplayJSONDataIntoTableVIewUITests.swift in Sources */ = {isa = PBXBuildFile; fileRef = B1B48D1E25CC1D8000E7AD17 /* tableviewDisplayJSONDataIntoTableVIewUITests.swift */; };
		B1B48D3025CC1FC900E7AD17 /* county.json in Resources */ = {isa = PBXBuildFile; fileRef = B1B48D2F25CC1FC900E7AD17 /* county.json */; };
		B1B48D3525CC30F400E7AD17 /* usersAPI.txt in Resources */ = {isa = PBXBuildFile; fileRef = B1B48D3425CC30F400E7AD17 /* usersAPI.txt */; };
/* End PBXBuildFile section */

/* Begin PBXContainerItemProxy section */
		B1B48D1025CC1D8000E7AD17 /* PBXContainerItemProxy */ = {
			isa = PBXContainerItemProxy;
			containerPortal = B1B48CF125CC1D7D00E7AD17 /* Project object */;
			proxyType = 1;
			remoteGlobalIDString = B1B48CF825CC1D7D00E7AD17;
			remoteInfo = tableviewDisplayJSONDataIntoTableVIew;
		};
		B1B48D1B25CC1D8000E7AD17 /* PBXContainerItemProxy */ = {
			isa = PBXContainerItemProxy;
			containerPortal = B1B48CF125CC1D7D00E7AD17 /* Project object */;
			proxyType = 1;
			remoteGlobalIDString = B1B48CF825CC1D7D00E7AD17;
			remoteInfo = tableviewDisplayJSONDataIntoTableVIew;
		};
/* End PBXContainerItemProxy section */

/* Begin PBXFileReference section */
		B1B48CF925CC1D7D00E7AD17 /* tableviewDisplayJSONDataIntoTableVIew.app */ = {isa = PBXFileReference; explicitFileType = wrapper.application; includeInIndex = 0; path = tableviewDisplayJSONDataIntoTableVIew.app; sourceTree = BUILT_PRODUCTS_DIR; };
		B1B48CFC25CC1D7D00E7AD17 /* AppDelegate.swift */ = {isa = PBXFileReference; lastKnownFileType = sourcecode.swift; path = AppDelegate.swift; sourceTree = "<group>"; };
		B1B48CFE25CC1D7D00E7AD17 /* SceneDelegate.swift */ = {isa = PBXFileReference; lastKnownFileType = sourcecode.swift; path = SceneDelegate.swift; sourceTree = "<group>"; };
		B1B48D0025CC1D7D00E7AD17 /* ViewController.swift */ = {isa = PBXFileReference; lastKnownFileType = sourcecode.swift; path = ViewController.swift; sourceTree = "<group>"; };
		B1B48D0325CC1D7D00E7AD17 /* Base */ = {isa = PBXFileReference; lastKnownFileType = file.storyboard; name = Base; path = Base.lproj/Main.storyboard; sourceTree = "<group>"; };
		B1B48D0525CC1D7F00E7AD17 /* Assets.xcassets */ = {isa = PBXFileReference; lastKnownFileType = folder.assetcatalog; path = Assets.xcassets; sourceTree = "<group>"; };
		B1B48D0825CC1D7F00E7AD17 /* Base */ = {isa = PBXFileReference; lastKnownFileType = file.storyboard; name = Base; path = Base.lproj/LaunchScreen.storyboard; sourceTree = "<group>"; };
		B1B48D0A25CC1D7F00E7AD17 /* Info.plist */ = {isa = PBXFileReference; lastKnownFileType = text.plist.xml; path = Info.plist; sourceTree = "<group>"; };
		B1B48D0F25CC1D7F00E7AD17 /* tableviewDisplayJSONDataIntoTableVIewTests.xctest */ = {isa = PBXFileReference; explicitFileType = wrapper.cfbundle; includeInIndex = 0; path = tableviewDisplayJSONDataIntoTableVIewTests.xctest; sourceTree = BUILT_PRODUCTS_DIR; };
		B1B48D1325CC1D8000E7AD17 /* tableviewDisplayJSONDataIntoTableVIewTests.swift */ = {isa = PBXFileReference; lastKnownFileType = sourcecode.swift; path = tableviewDisplayJSONDataIntoTableVIewTests.swift; sourceTree = "<group>"; };
		B1B48D1525CC1D8000E7AD17 /* Info.plist */ = {isa = PBXFileReference; lastKnownFileType = text.plist.xml; path = Info.plist; sourceTree = "<group>"; };
		B1B48D1A25CC1D8000E7AD17 /* tableviewDisplayJSONDataIntoTableVIewUITests.xctest */ = {isa = PBXFileReference; explicitFileType = wrapper.cfbundle; includeInIndex = 0; path = tableviewDisplayJSONDataIntoTableVIewUITests.xctest; sourceTree = BUILT_PRODUCTS_DIR; };
		B1B48D1E25CC1D8000E7AD17 /* tableviewDisplayJSONDataIntoTableVIewUITests.swift */ = {isa = PBXFileReference; lastKnownFileType = sourcecode.swift; path = tableviewDisplayJSONDataIntoTableVIewUITests.swift; sourceTree = "<group>"; };
		B1B48D2025CC1D8000E7AD17 /* Info.plist */ = {isa = PBXFileReference; lastKnownFileType = text.plist.xml; path = Info.plist; sourceTree = "<group>"; };
		B1B48D2F25CC1FC900E7AD17 /* county.json */ = {isa = PBXFileReference; lastKnownFileType = text.json; path = county.json; sourceTree = "<group>"; };
		B1B48D3425CC30F400E7AD17 /* usersAPI.txt */ = {isa = PBXFileReference; lastKnownFileType = text; path = usersAPI.txt; sourceTree = "<group>"; };
/* End PBXFileReference section */

/* Begin PBXFrameworksBuildPhase section */
		B1B48CF625CC1D7D00E7AD17 /* Frameworks */ = {
			isa = PBXFrameworksBuildPhase;
			buildActionMask = 2147483647;
			files = (
			);
			runOnlyForDeploymentPostprocessing = 0;
		};
		B1B48D0C25CC1D7F00E7AD17 /* Frameworks */ = {
			isa = PBXFrameworksBuildPhase;
			buildActionMask = 2147483647;
			files = (
			);
			runOnlyForDeploymentPostprocessing = 0;
		};
		B1B48D1725CC1D8000E7AD17 /* Frameworks */ = {
			isa = PBXFrameworksBuildPhase;
			buildActionMask = 2147483647;
			files = (
			);
			runOnlyForDeploymentPostprocessing = 0;
		};
/* End PBXFrameworksBuildPhase section */

/* Begin PBXGroup section */
		B1B48CF025CC1D7D00E7AD17 = {
			isa = PBXGroup;
			children = (
				B1B48CFB25CC1D7D00E7AD17 /* tableviewDisplayJSONDataIntoTableVIew */,
				B1B48D1225CC1D8000E7AD17 /* tableviewDisplayJSONDataIntoTableVIewTests */,
				B1B48D1D25CC1D8000E7AD17 /* tableviewDisplayJSONDataIntoTableVIewUITests */,
				B1B48CFA25CC1D7D00E7AD17 /* Products */,
			);
			sourceTree = "<group>";
		};
		B1B48CFA25CC1D7D00E7AD17 /* Products */ = {
			isa = PBXGroup;
			children = (
				B1B48CF925CC1D7D00E7AD17 /* tableviewDisplayJSONDataIntoTableVIew.app */,
				B1B48D0F25CC1D7F00E7AD17 /* tableviewDisplayJSONDataIntoTableVIewTests.xctest */,
				B1B48D1A25CC1D8000E7AD17 /* tableviewDisplayJSONDataIntoTableVIewUITests.xctest */,
			);
			name = Products;
			sourceTree = "<group>";
		};
		B1B48CFB25CC1D7D00E7AD17 /* tableviewDisplayJSONDataIntoTableVIew */ = {
			isa = PBXGroup;
			children = (
				B1B48CFC25CC1D7D00E7AD17 /* AppDelegate.swift */,
				B1B48CFE25CC1D7D00E7AD17 /* SceneDelegate.swift */,
				B1B48D0025CC1D7D00E7AD17 /* ViewController.swift */,
				B1B48D0225CC1D7D00E7AD17 /* Main.storyboard */,
				B1B48D0525CC1D7F00E7AD17 /* Assets.xcassets */,
				B1B48D0725CC1D7F00E7AD17 /* LaunchScreen.storyboard */,
				B1B48D0A25CC1D7F00E7AD17 /* Info.plist */,
				B1B48D2F25CC1FC900E7AD17 /* county.json */,
				B1B48D3425CC30F400E7AD17 /* usersAPI.txt */,
			);
			path = tableviewDisplayJSONDataIntoTableVIew;
			sourceTree = "<group>";
		};
		B1B48D1225CC1D8000E7AD17 /* tableviewDisplayJSONDataIntoTableVIewTests */ = {
			isa = PBXGroup;
			children = (
				B1B48D1325CC1D8000E7AD17 /* tableviewDisplayJSONDataIntoTableVIewTests.swift */,
				B1B48D1525CC1D8000E7AD17 /* Info.plist */,
			);
			path = tableviewDisplayJSONDataIntoTableVIewTests;
			sourceTree = "<group>";
		};
		B1B48D1D25CC1D8000E7AD17 /* tableviewDisplayJSONDataIntoTableVIewUITests */ = {
			isa = PBXGroup;
			children = (
				B1B48D1E25CC1D8000E7AD17 /* tableviewDisplayJSONDataIntoTableVIewUITests.swift */,
				B1B48D2025CC1D8000E7AD17 /* Info.plist */,
			);
			path = tableviewDisplayJSONDataIntoTableVIewUITests;
			sourceTree = "<group>";
		};
/* End PBXGroup section */

/* Begin PBXNativeTarget section */
		B1B48CF825CC1D7D00E7AD17 /* tableviewDisplayJSONDataIntoTableVIew */ = {
			isa = PBXNativeTarget;
			buildConfigurationList = B1B48D2325CC1D8000E7AD17 /* Build configuration list for PBXNativeTarget "tableviewDisplayJSONDataIntoTableVIew" */;
			buildPhases = (
				B1B48CF525CC1D7D00E7AD17 /* Sources */,
				B1B48CF625CC1D7D00E7AD17 /* Frameworks */,
				B1B48CF725CC1D7D00E7AD17 /* Resources */,
			);
			buildRules = (
			);
			dependencies = (
			);
			name = tableviewDisplayJSONDataIntoTableVIew;
			productName = tableviewDisplayJSONDataIntoTableVIew;
			productReference = B1B48CF925CC1D7D00E7AD17 /* tableviewDisplayJSONDataIntoTableVIew.app */;
			productType = "com.apple.product-type.application";
		};
		B1B48D0E25CC1D7F00E7AD17 /* tableviewDisplayJSONDataIntoTableVIewTests */ = {
			isa = PBXNativeTarget;
			buildConfigurationList = B1B48D2625CC1D8000E7AD17 /* Build configuration list for PBXNativeTarget "tableviewDisplayJSONDataIntoTableVIewTests" */;
			buildPhases = (
				B1B48D0B25CC1D7F00E7AD17 /* Sources */,
				B1B48D0C25CC1D7F00E7AD17 /* Frameworks */,
				B1B48D0D25CC1D7F00E7AD17 /* Resources */,
			);
			buildRules = (
			);
			dependencies = (
				B1B48D1125CC1D8000E7AD17 /* PBXTargetDependency */,
			);
			name = tableviewDisplayJSONDataIntoTableVIewTests;
			productName = tableviewDisplayJSONDataIntoTableVIewTests;
			productReference = B1B48D0F25CC1D7F00E7AD17 /* tableviewDisplayJSONDataIntoTableVIewTests.xctest */;
			productType = "com.apple.product-type.bundle.unit-test";
		};
		B1B48D1925CC1D8000E7AD17 /* tableviewDisplayJSONDataIntoTableVIewUITests */ = {
			isa = PBXNativeTarget;
			buildConfigurationList = B1B48D2925CC1D8000E7AD17 /* Build configuration list for PBXNativeTarget "tableviewDisplayJSONDataIntoTableVIewUITests" */;
			buildPhases = (
				B1B48D1625CC1D8000E7AD17 /* Sources */,
				B1B48D1725CC1D8000E7AD17 /* Frameworks */,
				B1B48D1825CC1D8000E7AD17 /* Resources */,
			);
			buildRules = (
			);
			dependencies = (
				B1B48D1C25CC1D8000E7AD17 /* PBXTargetDependency */,
			);
			name = tableviewDisplayJSONDataIntoTableVIewUITests;
			productName = tableviewDisplayJSONDataIntoTableVIewUITests;
			productReference = B1B48D1A25CC1D8000E7AD17 /* tableviewDisplayJSONDataIntoTableVIewUITests.xctest */;
			productType = "com.apple.product-type.bundle.ui-testing";
		};
/* End PBXNativeTarget section */

/* Begin PBXProject section */
		B1B48CF125CC1D7D00E7AD17 /* Project object */ = {
			isa = PBXProject;
			attributes = {
				LastSwiftUpdateCheck = 1220;
				LastUpgradeCheck = 1220;
				TargetAttributes = {
					B1B48CF825CC1D7D00E7AD17 = {
						CreatedOnToolsVersion = 12.2;
					};
					B1B48D0E25CC1D7F00E7AD17 = {
						CreatedOnToolsVersion = 12.2;
						TestTargetID = B1B48CF825CC1D7D00E7AD17;
					};
					B1B48D1925CC1D8000E7AD17 = {
						CreatedOnToolsVersion = 12.2;
						TestTargetID = B1B48CF825CC1D7D00E7AD17;
					};
				};
			};
			buildConfigurationList = B1B48CF425CC1D7D00E7AD17 /* Build configuration list for PBXProject "tableviewDisplayJSONDataIntoTableVIew" */;
			compatibilityVersion = "Xcode 9.3";
			developmentRegion = en;
			hasScannedForEncodings = 0;
			knownRegions = (
				en,
				Base,
			);
			mainGroup = B1B48CF025CC1D7D00E7AD17;
			productRefGroup = B1B48CFA25CC1D7D00E7AD17 /* Products */;
			projectDirPath = "";
			projectRoot = "";
			targets = (
				B1B48CF825CC1D7D00E7AD17 /* tableviewDisplayJSONDataIntoTableVIew */,
				B1B48D0E25CC1D7F00E7AD17 /* tableviewDisplayJSONDataIntoTableVIewTests */,
				B1B48D1925CC1D8000E7AD17 /* tableviewDisplayJSONDataIntoTableVIewUITests */,
			);
		};
/* End PBXProject section */

/* Begin PBXResourcesBuildPhase section */
		B1B48CF725CC1D7D00E7AD17 /* Resources */ = {
			isa = PBXResourcesBuildPhase;
			buildActionMask = 2147483647;
			files = (
				B1B48D0925CC1D7F00E7AD17 /* LaunchScreen.storyboard in Resources */,
				B1B48D3025CC1FC900E7AD17 /* county.json in Resources */,
				B1B48D0625CC1D7F00E7AD17 /* Assets.xcassets in Resources */,
				B1B48D0425CC1D7D00E7AD17 /* Main.storyboard in Resources */,
				B1B48D3525CC30F400E7AD17 /* usersAPI.txt in Resources */,
			);
			runOnlyForDeploymentPostprocessing = 0;
		};
		B1B48D0D25CC1D7F00E7AD17 /* Resources */ = {
			isa = PBXResourcesBuildPhase;
			buildActionMask = 2147483647;
			files = (
			);
			runOnlyForDeploymentPostprocessing = 0;
		};
		B1B48D1825CC1D8000E7AD17 /* Resources */ = {
			isa = PBXResourcesBuildPhase;
			buildActionMask = 2147483647;
			files = (
			);
			runOnlyForDeploymentPostprocessing = 0;
		};
/* End PBXResourcesBuildPhase section */

/* Begin PBXSourcesBuildPhase section */
		B1B48CF525CC1D7D00E7AD17 /* Sources */ = {
			isa = PBXSourcesBuildPhase;
			buildActionMask = 2147483647;
			files = (
				B1B48D0125CC1D7D00E7AD17 /* ViewController.swift in Sources */,
				B1B48CFD25CC1D7D00E7AD17 /* AppDelegate.swift in Sources */,
				B1B48CFF25CC1D7D00E7AD17 /* SceneDelegate.swift in Sources */,
			);
			runOnlyForDeploymentPostprocessing = 0;
		};
		B1B48D0B25CC1D7F00E7AD17 /* Sources */ = {
			isa = PBXSourcesBuildPhase;
			buildActionMask = 2147483647;
			files = (
				B1B48D1425CC1D8000E7AD17 /* tableviewDisplayJSONDataIntoTableVIewTests.swift in Sources */,
			);
			runOnlyForDeploymentPostprocessing = 0;
		};
		B1B48D1625CC1D8000E7AD17 /* Sources */ = {
			isa = PBXSourcesBuildPhase;
			buildActionMask = 2147483647;
			files = (
				B1B48D1F25CC1D8000E7AD17 /* tableviewDisplayJSONDataIntoTableVIewUITests.swift in Sources */,
			);
			runOnlyForDeploymentPostprocessing = 0;
		};
/* End PBXSourcesBuildPhase section */

/* Begin PBXTargetDependency section */
		B1B48D1125CC1D8000E7AD17 /* PBXTargetDependency */ = {
			isa = PBXTargetDependency;
			target = B1B48CF825CC1D7D00E7AD17 /* tableviewDisplayJSONDataIntoTableVIew */;
			targetProxy = B1B48D1025CC1D8000E7AD17 /* PBXContainerItemProxy */;
		};
		B1B48D1C25CC1D8000E7AD17 /* PBXTargetDependency */ = {
			isa = PBXTargetDependency;
			target = B1B48CF825CC1D7D00E7AD17 /* tableviewDisplayJSONDataIntoTableVIew */;
			targetProxy = B1B48D1B25CC1D8000E7AD17 /* PBXContainerItemProxy */;
		};
/* End PBXTargetDependency section */

/* Begin PBXVariantGroup section */
		B1B48D0225CC1D7D00E7AD17 /* Main.storyboard */ = {
			isa = PBXVariantGroup;
			children = (
				B1B48D0325CC1D7D00E7AD17 /* Base */,
			);
			name = Main.storyboard;
			sourceTree = "<group>";
		};
		B1B48D0725CC1D7F00E7AD17 /* LaunchScreen.storyboard */ = {
			isa = PBXVariantGroup;
			children = (
				B1B48D0825CC1D7F00E7AD17 /* Base */,
			);
			name = LaunchScreen.storyboard;
			sourceTree = "<group>";
		};
/* End PBXVariantGroup section */

/* Begin XCBuildConfiguration section */
		B1B48D2125CC1D8000E7AD17 /* Debug */ = {
			isa = XCBuildConfiguration;
			buildSettings = {
				ALWAYS_SEARCH_USER_PATHS = NO;
				CLANG_ANALYZER_NONNULL = YES;
				CLANG_ANALYZER_NUMBER_OBJECT_CONVERSION = YES_AGGRESSIVE;
				CLANG_CXX_LANGUAGE_STANDARD = "gnu++14";
				CLANG_CXX_LIBRARY = "libc++";
				CLANG_ENABLE_MODULES = YES;
				CLANG_ENABLE_OBJC_ARC = YES;
				CLANG_ENABLE_OBJC_WEAK = YES;
				CLANG_WARN_BLOCK_CAPTURE_AUTORELEASING = YES;
				CLANG_WARN_BOOL_CONVERSION = YES;
				CLANG_WARN_COMMA = YES;
				CLANG_WARN_CONSTANT_CONVERSION = YES;
				CLANG_WARN_DEPRECATED_OBJC_IMPLEMENTATIONS = YES;
				CLANG_WARN_DIRECT_OBJC_ISA_USAGE = YES_ERROR;
				CLANG_WARN_DOCUMENTATION_COMMENTS = YES;
				CLANG_WARN_EMPTY_BODY = YES;
				CLANG_WARN_ENUM_CONVERSION = YES;
				CLANG_WARN_INFINITE_RECURSION = YES;
				CLANG_WARN_INT_CONVERSION = YES;
				CLANG_WARN_NON_LITERAL_NULL_CONVERSION = YES;
				CLANG_WARN_OBJC_IMPLICIT_RETAIN_SELF = YES;
				CLANG_WARN_OBJC_LITERAL_CONVERSION = YES;
				CLANG_WARN_OBJC_ROOT_CLASS = YES_ERROR;
				CLANG_WARN_QUOTED_INCLUDE_IN_FRAMEWORK_HEADER = YES;
				CLANG_WARN_RANGE_LOOP_ANALYSIS = YES;
				CLANG_WARN_STRICT_PROTOTYPES = YES;
				CLANG_WARN_SUSPICIOUS_MOVE = YES;
				CLANG_WARN_UNGUARDED_AVAILABILITY = YES_AGGRESSIVE;
				CLANG_WARN_UNREACHABLE_CODE = YES;
				CLANG_WARN__DUPLICATE_METHOD_MATCH = YES;
				COPY_PHASE_STRIP = NO;
				DEBUG_INFORMATION_FORMAT = dwarf;
				ENABLE_STRICT_OBJC_MSGSEND = YES;
				ENABLE_TESTABILITY = YES;
				GCC_C_LANGUAGE_STANDARD = gnu11;
				GCC_DYNAMIC_NO_PIC = NO;
				GCC_NO_COMMON_BLOCKS = YES;
				GCC_OPTIMIZATION_LEVEL = 0;
				GCC_PREPROCESSOR_DEFINITIONS = (
					"DEBUG=1",
					"$(inherited)",
				);
				GCC_WARN_64_TO_32_BIT_CONVERSION = YES;
				GCC_WARN_ABOUT_RETURN_TYPE = YES_ERROR;
				GCC_WARN_UNDECLARED_SELECTOR = YES;
				GCC_WARN_UNINITIALIZED_AUTOS = YES_AGGRESSIVE;
				GCC_WARN_UNUSED_FUNCTION = YES;
				GCC_WARN_UNUSED_VARIABLE = YES;
				IPHONEOS_DEPLOYMENT_TARGET = 14.2;
				MTL_ENABLE_DEBUG_INFO = INCLUDE_SOURCE;
				MTL_FAST_MATH = YES;
				ONLY_ACTIVE_ARCH = YES;
				SDKROOT = iphoneos;
				SWIFT_ACTIVE_COMPILATION_CONDITIONS = DEBUG;
				SWIFT_OPTIMIZATION_LEVEL = "-Onone";
			};
			name = Debug;
		};
		B1B48D2225CC1D8000E7AD17 /* Release */ = {
			isa = XCBuildConfiguration;
			buildSettings = {
				ALWAYS_SEARCH_USER_PATHS = NO;
				CLANG_ANALYZER_NONNULL = YES;
				CLANG_ANALYZER_NUMBER_OBJECT_CONVERSION = YES_AGGRESSIVE;
				CLANG_CXX_LANGUAGE_STANDARD = "gnu++14";
				CLANG_CXX_LIBRARY = "libc++";
				CLANG_ENABLE_MODULES = YES;
				CLANG_ENABLE_OBJC_ARC = YES;
				CLANG_ENABLE_OBJC_WEAK = YES;
				CLANG_WARN_BLOCK_CAPTURE_AUTORELEASING = YES;
				CLANG_WARN_BOOL_CONVERSION = YES;
				CLANG_WARN_COMMA = YES;
				CLANG_WARN_CONSTANT_CONVERSION = YES;
				CLANG_WARN_DEPRECATED_OBJC_IMPLEMENTATIONS = YES;
				CLANG_WARN_DIRECT_OBJC_ISA_USAGE = YES_ERROR;
				CLANG_WARN_DOCUMENTATION_COMMENTS = YES;
				CLANG_WARN_EMPTY_BODY = YES;
				CLANG_WARN_ENUM_CONVERSION = YES;
				CLANG_WARN_INFINITE_RECURSION = YES;
				CLANG_WARN_INT_CONVERSION = YES;
				CLANG_WARN_NON_LITERAL_NULL_CONVERSION = YES;
				CLANG_WARN_OBJC_IMPLICIT_RETAIN_SELF = YES;
				CLANG_WARN_OBJC_LITERAL_CONVERSION = YES;
				CLANG_WARN_OBJC_ROOT_CLASS = YES_ERROR;
				CLANG_WARN_QUOTED_INCLUDE_IN_FRAMEWORK_HEADER = YES;
				CLANG_WARN_RANGE_LOOP_ANALYSIS = YES;
				CLANG_WARN_STRICT_PROTOTYPES = YES;
				CLANG_WARN_SUSPICIOUS_MOVE = YES;
				CLANG_WARN_UNGUARDED_AVAILABILITY = YES_AGGRESSIVE;
				CLANG_WARN_UNREACHABLE_CODE = YES;
				CLANG_WARN__DUPLICATE_METHOD_MATCH = YES;
				COPY_PHASE_STRIP = NO;
				DEBUG_INFORMATION_FORMAT = "dwarf-with-dsym";
				ENABLE_NS_ASSERTIONS = NO;
				ENABLE_STRICT_OBJC_MSGSEND = YES;
				GCC_C_LANGUAGE_STANDARD = gnu11;
				GCC_NO_COMMON_BLOCKS = YES;
				GCC_WARN_64_TO_32_BIT_CONVERSION = YES;
				GCC_WARN_ABOUT_RETURN_TYPE = YES_ERROR;
				GCC_WARN_UNDECLARED_SELECTOR = YES;
				GCC_WARN_UNINITIALIZED_AUTOS = YES_AGGRESSIVE;
				GCC_WARN_UNUSED_FUNCTION = YES;
				GCC_WARN_UNUSED_VARIABLE = YES;
				IPHONEOS_DEPLOYMENT_TARGET = 14.2;
				MTL_ENABLE_DEBUG_INFO = NO;
				MTL_FAST_MATH = YES;
				SDKROOT = iphoneos;
				SWIFT_COMPILATION_MODE = wholemodule;
				SWIFT_OPTIMIZATION_LEVEL = "-O";
				VALIDATE_PRODUCT = YES;
			};
			name = Release;
		};
		B1B48D2425CC1D8000E7AD17 /* Debug */ = {
			isa = XCBuildConfiguration;
			buildSettings = {
				ASSETCATALOG_COMPILER_APPICON_NAME = AppIcon;
				ASSETCATALOG_COMPILER_GLOBAL_ACCENT_COLOR_NAME = AccentColor;
				CODE_SIGN_STYLE = Automatic;
				INFOPLIST_FILE = tableviewDisplayJSONDataIntoTableVIew/Info.plist;
				LD_RUNPATH_SEARCH_PATHS = (
					"$(inherited)",
					"@executable_path/Frameworks",
				);
				PRODUCT_BUNDLE_IDENTIFIER = com.coder.imrajesh.tableviewDisplayJSONDataIntoTableVIew;
				PRODUCT_NAME = "$(TARGET_NAME)";
				SWIFT_VERSION = 5.0;
				TARGETED_DEVICE_FAMILY = "1,2";
			};
			name = Debug;
		};
		B1B48D2525CC1D8000E7AD17 /* Release */ = {
			isa = XCBuildConfiguration;
			buildSettings = {
				ASSETCATALOG_COMPILER_APPICON_NAME = AppIcon;
				ASSETCATALOG_COMPILER_GLOBAL_ACCENT_COLOR_NAME = AccentColor;
				CODE_SIGN_STYLE = Automatic;
				INFOPLIST_FILE = tableviewDisplayJSONDataIntoTableVIew/Info.plist;
				LD_RUNPATH_SEARCH_PATHS = (
					"$(inherited)",
					"@executable_path/Frameworks",
				);
				PRODUCT_BUNDLE_IDENTIFIER = com.coder.imrajesh.tableviewDisplayJSONDataIntoTableVIew;
				PRODUCT_NAME = "$(TARGET_NAME)";
				SWIFT_VERSION = 5.0;
				TARGETED_DEVICE_FAMILY = "1,2";
			};
			name = Release;
		};
		B1B48D2725CC1D8000E7AD17 /* Debug */ = {
			isa = XCBuildConfiguration;
			buildSettings = {
				ALWAYS_EMBED_SWIFT_STANDARD_LIBRARIES = YES;
				BUNDLE_LOADER = "$(TEST_HOST)";
				CODE_SIGN_STYLE = Automatic;
				INFOPLIST_FILE = tableviewDisplayJSONDataIntoTableVIewTests/Info.plist;
				IPHONEOS_DEPLOYMENT_TARGET = 14.2;
				LD_RUNPATH_SEARCH_PATHS = (
					"$(inherited)",
					"@executable_path/Frameworks",
					"@loader_path/Frameworks",
				);
				PRODUCT_BUNDLE_IDENTIFIER = com.coder.imrajesh.tableviewDisplayJSONDataIntoTableVIewTests;
				PRODUCT_NAME = "$(TARGET_NAME)";
				SWIFT_VERSION = 5.0;
				TARGETED_DEVICE_FAMILY = "1,2";
				TEST_HOST = "$(BUILT_PRODUCTS_DIR)/tableviewDisplayJSONDataIntoTableVIew.app/tableviewDisplayJSONDataIntoTableVIew";
			};
			name = Debug;
		};
		B1B48D2825CC1D8000E7AD17 /* Release */ = {
			isa = XCBuildConfiguration;
			buildSettings = {
				ALWAYS_EMBED_SWIFT_STANDARD_LIBRARIES = YES;
				BUNDLE_LOADER = "$(TEST_HOST)";
				CODE_SIGN_STYLE = Automatic;
				INFOPLIST_FILE = tableviewDisplayJSONDataIntoTableVIewTests/Info.plist;
				IPHONEOS_DEPLOYMENT_TARGET = 14.2;
				LD_RUNPATH_SEARCH_PATHS = (
					"$(inherited)",
					"@executable_path/Frameworks",
					"@loader_path/Frameworks",
				);
				PRODUCT_BUNDLE_IDENTIFIER = com.coder.imrajesh.tableviewDisplayJSONDataIntoTableVIewTests;
				PRODUCT_NAME = "$(TARGET_NAME)";
				SWIFT_VERSION = 5.0;
				TARGETED_DEVICE_FAMILY = "1,2";
				TEST_HOST = "$(BUILT_PRODUCTS_DIR)/tableviewDisplayJSONDataIntoTableVIew.app/tableviewDisplayJSONDataIntoTableVIew";
			};
			name = Release;
		};
		B1B48D2A25CC1D8000E7AD17 /* Debug */ = {
			isa = XCBuildConfiguration;
			buildSettings = {
				ALWAYS_EMBED_SWIFT_STANDARD_LIBRARIES = YES;
				CODE_SIGN_STYLE = Automatic;
				INFOPLIST_FILE = tableviewDisplayJSONDataIntoTableVIewUITests/Info.plist;
				LD_RUNPATH_SEARCH_PATHS = (
					"$(inherited)",
					"@executable_path/Frameworks",
					"@loader_path/Frameworks",
				);
				PRODUCT_BUNDLE_IDENTIFIER = com.coder.imrajesh.tableviewDisplayJSONDataIntoTableVIewUITests;
				PRODUCT_NAME = "$(TARGET_NAME)";
				SWIFT_VERSION = 5.0;
				TARGETED_DEVICE_FAMILY = "1,2";
				TEST_TARGET_NAME = tableviewDisplayJSONDataIntoTableVIew;
			};
			name = Debug;
		};
		B1B48D2B25CC1D8000E7AD17 /* Release */ = {
			isa = XCBuildConfiguration;
			buildSettings = {
				ALWAYS_EMBED_SWIFT_STANDARD_LIBRARIES = YES;
				CODE_SIGN_STYLE = Automatic;
				INFOPLIST_FILE = tableviewDisplayJSONDataIntoTableVIewUITests/Info.plist;
				LD_RUNPATH_SEARCH_PATHS = (
					"$(inherited)",
					"@executable_path/Frameworks",
					"@loader_path/Frameworks",
				);
				PRODUCT_BUNDLE_IDENTIFIER = com.coder.imrajesh.tableviewDisplayJSONDataIntoTableVIewUITests;
				PRODUCT_NAME = "$(TARGET_NAME)";
				SWIFT_VERSION = 5.0;
				TARGETED_DEVICE_FAMILY = "1,2";
				TEST_TARGET_NAME = tableviewDisplayJSONDataIntoTableVIew;
			};
			name = Release;
		};
/* End XCBuildConfiguration section */

/* Begin XCConfigurationList section */
		B1B48CF425CC1D7D00E7AD17 /* Build configuration list for PBXProject "tableviewDisplayJSONDataIntoTableVIew" */ = {
			isa = XCConfigurationList;
			buildConfigurations = (
				B1B48D2125CC1D8000E7AD17 /* Debug */,
				B1B48D2225CC1D8000E7AD17 /* Release */,
			);
			defaultConfigurationIsVisible = 0;
			defaultConfigurationName = Release;
		};
		B1B48D2325CC1D8000E7AD17 /* Build configuration list for PBXNativeTarget "tableviewDisplayJSONDataIntoTableVIew" */ = {
			isa = XCConfigurationList;
			buildConfigurations = (
				B1B48D2425CC1D8000E7AD17 /* Debug */,
				B1B48D2525CC1D8000E7AD17 /* Release */,
			);
			defaultConfigurationIsVisible = 0;
			defaultConfigurationName = Release;
		};
		B1B48D2625CC1D8000E7AD17 /* Build configuration list for PBXNativeTarget "tableviewDisplayJSONDataIntoTableVIewTests" */ = {
			isa = XCConfigurationList;
			buildConfigurations = (
				B1B48D2725CC1D8000E7AD17 /* Debug */,
				B1B48D2825CC1D8000E7AD17 /* Release */,
			);
			defaultConfigurationIsVisible = 0;
			defaultConfigurationName = Release;
		};
		B1B48D2925CC1D8000E7AD17 /* Build configuration list for PBXNativeTarget "tableviewDisplayJSONDataIntoTableVIewUITests" */ = {
			isa = XCConfigurationList;
			buildConfigurations = (
				B1B48D2A25CC1D8000E7AD17 /* Debug */,
				B1B48D2B25CC1D8000E7AD17 /* Release */,
			);
			defaultConfigurationIsVisible = 0;
			defaultConfigurationName = Release;
		};
/* End XCConfigurationList section */
	};
	rootObject = B1B48CF125CC1D7D00E7AD17 /* Project object */;
}
